{
  "name": "all-packages",
  "version": "1.0.0",
  "lockfileVersion": 3,
  "requires": true,
  "packages": {
    "": {
      "name": "all-packages",
      "version": "1.0.0",
      "dependencies": {
        "all-the-package-names": "^2.0.1"
      }
    },
    "node_modules/all-the-package-names": {
      "version": "2.0.2154",
      "resolved": "https://registry.npmjs.org/all-the-package-names/-/all-the-package-names-2.0.2154.tgz",
      "integrity": "sha512-qP/dW3UcGgHKka5lCZ6U7/+R+eCAA1TyP9wzZqgajrQUZwOrhQDTZQ7lKvLkQmBs7Tifvwkmw+7o8QLAX91UkQ==",
      "bin": {
        "all-the-package-names": "cli.js"
      }
    }
  }
}
